
Microsoft Visual Studio Solution File, Format Version 12.00
# Visual Studio Version 16
VisualStudioVersion = 16.0.28922.388
MinimumVisualStudioVersion = 10.0.40219.1
Project("{FAE04EC0-301F-11D3-BF4B-00C04F79EFBC}") = "SignInScreen.Android", "SignInScreen\SignInScreen.Android\SignInScreen.Android.csproj", "{FE0906F1-41FA-413F-B190-DB27C1995D39}"
EndProject
Project("{FAE04EC0-301F-11D3-BF4B-00C04F79EFBC}") = "SignInScreen.iOS", "SignInScreen\SignInScreen.iOS\SignInScreen.iOS.csproj", "{48C7DB08-B6E2-4230-9050-680CD322232B}"
EndProject
Project("{FAE04EC0-301F-11D3-BF4B-00C04F79EFBC}") = "SignInScreen", "SignInScreen\SignInScreen\SignInScreen.csproj", "{5FDCFF50-8BBE-42A9-BC70-089D5A387353}"
EndProject
Global
	GlobalSection(SolutionConfigurationPlatforms) = preSolution
		Debug|Any CPU = Debug|Any CPU
		Debug|iPhone = Debug|iPhone
		Debug|iPhoneSimulator = Debug|iPhoneSimulator
		Release|Any CPU = Release|Any CPU
		Release|iPhone = Release|iPhone
		Release|iPhoneSimulator = Release|iPhoneSimulator
	EndGlobalSection
	GlobalSection(ProjectConfigurationPlatforms) = postSolution
		{FE0906F1-41FA-413F-B190-DB27C1995D39}.Debug|Any CPU.ActiveCfg = Debug|Any CPU
		{FE0906F1-41FA-413F-B190-DB27C1995D39}.Debug|Any CPU.Build.0 = Debug|Any CPU
		{FE0906F1-41FA-413F-B190-DB27C1995D39}.Debug|Any CPU.Deploy.0 = Debug|Any CPU
		{FE0906F1-41FA-413F-B190-DB27C1995D39}.Debug|iPhone.ActiveCfg = Debug|Any CPU
		{FE0906F1-41FA-413F-B190-DB27C1995D39}.Debug|iPhone.Build.0 = Debug|Any CPU
		{FE0906F1-41FA-413F-B190-DB27C1995D39}.Debug|iPhone.Deploy.0 = Debug|Any CPU
		{FE0906F1-41FA-413F-B190-DB27C1995D39}.Debug|iPhoneSimulator.ActiveCfg = Debug|Any CPU
		{FE0906F1-41FA-413F-B190-DB27C1995D39}.Debug|iPhoneSimulator.Build.0 = Debug|Any CPU
		{FE0906F1-41FA-413F-B190-DB27C1995D39}.Debug|iPhoneSimulator.Deploy.0 = Debug|Any CPU
		{FE0906F1-41FA-413F-B190-DB27C1995D39}.Release|Any CPU.ActiveCfg = Release|Any CPU
		{FE0906F1-41FA-413F-B190-DB27C1995D39}.Release|Any CPU.Build.0 = Release|Any CPU
		{FE0906F1-41FA-413F-B190-DB27C1995D39}.Release|Any CPU.Deploy.0 = Release|Any CPU
		{FE0906F1-41FA-413F-B190-DB27C1995D39}.Release|iPhone.ActiveCfg = Release|Any CPU
		{FE0906F1-41FA-413F-B190-DB27C1995D39}.Release|iPhone.Build.0 = Release|Any CPU
		{FE0906F1-41FA-413F-B190-DB27C1995D39}.Release|iPhone.Deploy.0 = Release|Any CPU
		{FE0906F1-41FA-413F-B190-DB27C1995D39}.Release|iPhoneSimulator.ActiveCfg = Release|Any CPU
		{FE0906F1-41FA-413F-B190-DB27C1995D39}.Release|iPhoneSimulator.Build.0 = Release|Any CPU
		{FE0906F1-41FA-413F-B190-DB27C1995D39}.Release|iPhoneSimulator.Deploy.0 = Release|Any CPU
		{48C7DB08-B6E2-4230-9050-680CD322232B}.Debug|Any CPU.ActiveCfg = Debug|iPhoneSimulator
		{48C7DB08-B6E2-4230-9050-680CD322232B}.Debug|Any CPU.Build.0 = Debug|iPhoneSimulator
		{48C7DB08-B6E2-4230-9050-680CD322232B}.Debug|Any CPU.Deploy.0 = Debug|iPhoneSimulator
		{48C7DB08-B6E2-4230-9050-680CD322232B}.Debug|iPhone.ActiveCfg = Debug|iPhone
		{48C7DB08-B6E2-4230-9050-680CD322232B}.Debug|iPhone.Build.0 = Debug|iPhone
		{48C7DB08-B6E2-4230-9050-680CD322232B}.Debug|iPhone.Deploy.0 = Debug|iPhone
		{48C7DB08-B6E2-4230-9050-680CD322232B}.Debug|iPhoneSimulator.ActiveCfg = Debug|iPhoneSimulator
		{48C7DB08-B6E2-4230-9050-680CD322232B}.Debug|iPhoneSimulator.Build.0 = Debug|iPhoneSimulator
		{48C7DB08-B6E2-4230-9050-680CD322232B}.Debug|iPhoneSimulator.Deploy.0 = Debug|iPhoneSimulator
		{48C7DB08-B6E2-4230-9050-680CD322232B}.Release|Any CPU.ActiveCfg = Release|iPhone
		{48C7DB08-B6E2-4230-9050-680CD322232B}.Release|Any CPU.Build.0 = Release|iPhone
		{48C7DB08-B6E2-4230-9050-680CD322232B}.Release|Any CPU.Deploy.0 = Release|iPhone
		{48C7DB08-B6E2-4230-9050-680CD322232B}.Release|iPhone.ActiveCfg = Release|iPhone
		{48C7DB08-B6E2-4230-9050-680CD322232B}.Release|iPhone.Build.0 = Release|iPhone
		{48C7DB08-B6E2-4230-9050-680CD322232B}.Release|iPhone.Deploy.0 = Release|iPhone
		{48C7DB08-B6E2-4230-9050-680CD322232B}.Release|iPhoneSimulator.ActiveCfg = Release|iPhoneSimulator
		{48C7DB08-B6E2-4230-9050-680CD322232B}.Release|iPhoneSimulator.Build.0 = Release|iPhoneSimulator
		{48C7DB08-B6E2-4230-9050-680CD322232B}.Release|iPhoneSimulator.Deploy.0 = Release|iPhoneSimulator
		{5FDCFF50-8BBE-42A9-BC70-089D5A387353}.Debug|Any CPU.ActiveCfg = Debug|Any CPU
		{5FDCFF50-8BBE-42A9-BC70-089D5A387353}.Debug|Any CPU.Build.0 = Debug|Any CPU
		{5FDCFF50-8BBE-42A9-BC70-089D5A387353}.Debug|Any CPU.Deploy.0 = Debug|Any CPU
		{5FDCFF50-8BBE-42A9-BC70-089D5A387353}.Debug|iPhone.ActiveCfg = Debug|Any CPU
		{5FDCFF50-8BBE-42A9-BC70-089D5A387353}.Debug|iPhone.Build.0 = Debug|Any CPU
		{5FDCFF50-8BBE-42A9-BC70-089D5A387353}.Debug|iPhone.Deploy.0 = Debug|Any CPU
		{5FDCFF50-8BBE-42A9-BC70-089D5A387353}.Debug|iPhoneSimulator.ActiveCfg = Debug|Any CPU
		{5FDCFF50-8BBE-42A9-BC70-089D5A387353}.Debug|iPhoneSimulator.Build.0 = Debug|Any CPU
		{5FDCFF50-8BBE-42A9-BC70-089D5A387353}.Debug|iPhoneSimulator.Deploy.0 = Debug|Any CPU
		{5FDCFF50-8BBE-42A9-BC70-089D5A387353}.Release|Any CPU.ActiveCfg = Release|Any CPU
		{5FDCFF50-8BBE-42A9-BC70-089D5A387353}.Release|Any CPU.Build.0 = Release|Any CPU
		{5FDCFF50-8BBE-42A9-BC70-089D5A387353}.Release|Any CPU.Deploy.0 = Release|Any CPU
		{5FDCFF50-8BBE-42A9-BC70-089D5A387353}.Release|iPhone.ActiveCfg = Release|Any CPU
		{5FDCFF50-8BBE-42A9-BC70-089D5A387353}.Release|iPhone.Build.0 = Release|Any CPU
		{5FDCFF50-8BBE-42A9-BC70-089D5A387353}.Release|iPhone.Deploy.0 = Release|Any CPU
		{5FDCFF50-8BBE-42A9-BC70-089D5A387353}.Release|iPhoneSimulator.ActiveCfg = Release|Any CPU
		{5FDCFF50-8BBE-42A9-BC70-089D5A387353}.Release|iPhoneSimulator.Build.0 = Release|Any CPU
		{5FDCFF50-8BBE-42A9-BC70-089D5A387353}.Release|iPhoneSimulator.Deploy.0 = Release|Any CPU
	EndGlobalSection
	GlobalSection(SolutionProperties) = preSolution
		HideSolutionNode = FALSE
	EndGlobalSection
	GlobalSection(ExtensibilityGlobals) = postSolution
		SolutionGuid = {8078923C-A7DE-45E2-BC75-55BE9EE6A85D}
	EndGlobalSection
EndGlobal
